
Microsoft Visual Studio Solution File, Format Version 12.00
# Visual Studio Version 16
VisualStudioVersion = 16.0.34601.136
MinimumVisualStudioVersion = 10.0.40219.1
Project("{FAE04EC0-301F-11D3-BF4B-00C04F79EFBC}") = "QLĐ", "QLĐ\QLĐ.csproj", "{9296EF15-3529-4C27-9E32-3BCE4D2E1A47}"
EndProject
Global
	GlobalSection(SolutionConfigurationPlatforms) = preSolution
		Debug|Any CPU = Debug|Any CPU
		Release|Any CPU = Release|Any CPU
	EndGlobalSection
	GlobalSection(ProjectConfigurationPlatforms) = postSolution
		{9296EF15-3529-4C27-9E32-3BCE4D2E1A47}.Debug|Any CPU.ActiveCfg = Debug|Any CPU
		{9296EF15-3529-4C27-9E32-3BCE4D2E1A47}.Debug|Any CPU.Build.0 = Debug|Any CPU
		{9296EF15-3529-4C27-9E32-3BCE4D2E1A47}.Release|Any CPU.ActiveCfg = Release|Any CPU
		{9296EF15-3529-4C27-9E32-3BCE4D2E1A47}.Release|Any CPU.Build.0 = Release|Any CPU
	EndGlobalSection
	GlobalSection(SolutionProperties) = preSolution
		HideSolutionNode = FALSE
	EndGlobalSection
	GlobalSection(ExtensibilityGlobals) = postSolution
		SolutionGuid = {EFD7B3B0-1436-4139-922A-782A560E4487}
	EndGlobalSection
EndGlobal
